// !$*UTF8*$!
{
	archiveVersion = 1;
	classes = {
	};
	objectVersion = 46;
	objects = {

/* Begin PBXBuildFile section */
		B34AF637193FDCB400DA19FA /* CharacterView.swift in Sources */ = {isa = PBXBuildFile; fileRef = B34AF636193FDCB400DA19FA /* CharacterView.swift */; };
		B35EB4A719450D7A0064A62A /* ImageViewWithSelectionRect.swift in Sources */ = {isa = PBXBuildFile; fileRef = B35EB4A619450D7A0064A62A /* ImageViewWithSelectionRect.swift */; };
		B3831BA9195F3E1100AD552E /* DocumentWindowController.swift in Sources */ = {isa = PBXBuildFile; fileRef = B3831BA8195F3E1100AD552E /* DocumentWindowController.swift */; };
		B3839F34195DDCCC00C45821 /* Document.xib in Resources */ = {isa = PBXBuildFile; fileRef = B3839F33195DDCCC00C45821 /* Document.xib */; };
		B3839F36195DE74C00C45821 /* Document.swift in Sources */ = {isa = PBXBuildFile; fileRef = B3839F35195DE74C00C45821 /* Document.swift */; };
		B39693BD19424052004E13AA /* Box.swift in Sources */ = {isa = PBXBuildFile; fileRef = B39693BC19424052004E13AA /* Box.swift */; };
		B39693BF19424084004E13AA /* BoxEditorViewController.swift in Sources */ = {isa = PBXBuildFile; fileRef = B39693BE19424084004E13AA /* BoxEditorViewController.swift */; };
		B39693C11942A0F5004E13AA /* ImageView.swift in Sources */ = {isa = PBXBuildFile; fileRef = B39693C01942A0F5004E13AA /* ImageView.swift */; };
		B3C9261219340283006A1020 /* Cocoa.framework in Frameworks */ = {isa = PBXBuildFile; fileRef = B3C9261119340283006A1020 /* Cocoa.framework */; };
		B3C9261C19340283006A1020 /* InfoPlist.strings in Resources */ = {isa = PBXBuildFile; fileRef = B3C9261A19340283006A1020 /* InfoPlist.strings */; };
		B3C9261E19340283006A1020 /* main.m in Sources */ = {isa = PBXBuildFile; fileRef = B3C9261D19340283006A1020 /* main.m */; };
		B3C9262219340283006A1020 /* Credits.rtf in Resources */ = {isa = PBXBuildFile; fileRef = B3C9262019340283006A1020 /* Credits.rtf */; };
		B3C9262519340283006A1020 /* TBEAppDelegate.m in Sources */ = {isa = PBXBuildFile; fileRef = B3C9262419340283006A1020 /* TBEAppDelegate.m */; };
		B3C9262819340283006A1020 /* MainMenu.xib in Resources */ = {isa = PBXBuildFile; fileRef = B3C9262619340283006A1020 /* MainMenu.xib */; };
		B3C9262A19340283006A1020 /* Images.xcassets in Resources */ = {isa = PBXBuildFile; fileRef = B3C9262919340283006A1020 /* Images.xcassets */; };
		B3C9263119340283006A1020 /* XCTest.framework in Frameworks */ = {isa = PBXBuildFile; fileRef = B3C9263019340283006A1020 /* XCTest.framework */; };
		B3C9263219340283006A1020 /* Cocoa.framework in Frameworks */ = {isa = PBXBuildFile; fileRef = B3C9261119340283006A1020 /* Cocoa.framework */; };
		B3C9263A19340283006A1020 /* InfoPlist.strings in Resources */ = {isa = PBXBuildFile; fileRef = B3C9263819340283006A1020 /* InfoPlist.strings */; };
		B3C9263C19340283006A1020 /* Tesseract_Box_EditorTests.m in Sources */ = {isa = PBXBuildFile; fileRef = B3C9263B19340283006A1020 /* Tesseract_Box_EditorTests.m */; };
		B3DB7F61195E131E00ACE379 /* BoxResizeDelegateProtocol.swift in Sources */ = {isa = PBXBuildFile; fileRef = B3DB7F60195E131E00ACE379 /* BoxResizeDelegateProtocol.swift */; };
/* End PBXBuildFile section */

/* Begin PBXContainerItemProxy section */
		B3C9263319340283006A1020 /* PBXContainerItemProxy */ = {
			isa = PBXContainerItemProxy;
			containerPortal = B3C9260619340282006A1020 /* Project object */;
			proxyType = 1;
			remoteGlobalIDString = B3C9260D19340283006A1020;
			remoteInfo = "Tesseract-Box-Editor";
		};
/* End PBXContainerItemProxy section */

/* Begin PBXFileReference section */
		B34AF635193FDCB400DA19FA /* Tesseract Box Editor-Bridging-Header.h */ = {isa = PBXFileReference; lastKnownFileType = sourcecode.c.h; path = "Tesseract Box Editor-Bridging-Header.h"; sourceTree = "<group>"; };
		B34AF636193FDCB400DA19FA /* CharacterView.swift */ = {isa = PBXFileReference; fileEncoding = 4; lastKnownFileType = sourcecode.swift; path = CharacterView.swift; sourceTree = "<group>"; };
		B350FE13195364C800124CA9 /* readme.md */ = {isa = PBXFileReference; lastKnownFileType = net.daringfireball.markdown; path = readme.md; sourceTree = SOURCE_ROOT; };
		B350FE141953680400124CA9 /* LICENSE */ = {isa = PBXFileReference; lastKnownFileType = text; path = LICENSE; sourceTree = SOURCE_ROOT; };
		B35EB4A619450D7A0064A62A /* ImageViewWithSelectionRect.swift */ = {isa = PBXFileReference; fileEncoding = 4; lastKnownFileType = sourcecode.swift; path = ImageViewWithSelectionRect.swift; sourceTree = "<group>"; };
		B3831BA8195F3E1100AD552E /* DocumentWindowController.swift */ = {isa = PBXFileReference; fileEncoding = 4; lastKnownFileType = sourcecode.swift; path = DocumentWindowController.swift; sourceTree = "<group>"; };
		B3839F33195DDCCC00C45821 /* Document.xib */ = {isa = PBXFileReference; fileEncoding = 4; lastKnownFileType = file.xib; path = Document.xib; sourceTree = "<group>"; };
		B3839F35195DE74C00C45821 /* Document.swift */ = {isa = PBXFileReference; fileEncoding = 4; lastKnownFileType = sourcecode.swift; path = Document.swift; sourceTree = "<group>"; };
		B39693BC19424052004E13AA /* Box.swift */ = {isa = PBXFileReference; fileEncoding = 4; lastKnownFileType = sourcecode.swift; path = Box.swift; sourceTree = "<group>"; };
		B39693BE19424084004E13AA /* BoxEditorViewController.swift */ = {isa = PBXFileReference; fileEncoding = 4; lastKnownFileType = sourcecode.swift; path = BoxEditorViewController.swift; sourceTree = "<group>"; };
		B39693C01942A0F5004E13AA /* ImageView.swift */ = {isa = PBXFileReference; fileEncoding = 4; lastKnownFileType = sourcecode.swift; path = ImageView.swift; sourceTree = "<group>"; };
		B3C9260E19340283006A1020 /* Tesseract Box Editor.app */ = {isa = PBXFileReference; explicitFileType = wrapper.application; includeInIndex = 0; path = "Tesseract Box Editor.app"; sourceTree = BUILT_PRODUCTS_DIR; };
		B3C9261119340283006A1020 /* Cocoa.framework */ = {isa = PBXFileReference; lastKnownFileType = wrapper.framework; name = Cocoa.framework; path = System/Library/Frameworks/Cocoa.framework; sourceTree = SDKROOT; };
		B3C9261419340283006A1020 /* AppKit.framework */ = {isa = PBXFileReference; lastKnownFileType = wrapper.framework; name = AppKit.framework; path = System/Library/Frameworks/AppKit.framework; sourceTree = SDKROOT; };
		B3C9261519340283006A1020 /* CoreData.framework */ = {isa = PBXFileReference; lastKnownFileType = wrapper.framework; name = CoreData.framework; path = System/Library/Frameworks/CoreData.framework; sourceTree = SDKROOT; };
		B3C9261619340283006A1020 /* Foundation.framework */ = {isa = PBXFileReference; lastKnownFileType = wrapper.framework; name = Foundation.framework; path = System/Library/Frameworks/Foundation.framework; sourceTree = SDKROOT; };
		B3C9261919340283006A1020 /* Tesseract-Box-Editor-Info.plist */ = {isa = PBXFileReference; lastKnownFileType = text.plist.xml; path = "Tesseract-Box-Editor-Info.plist"; sourceTree = "<group>"; };
		B3C9261B19340283006A1020 /* en */ = {isa = PBXFileReference; lastKnownFileType = text.plist.strings; name = en; path = en.lproj/InfoPlist.strings; sourceTree = "<group>"; };
		B3C9261D19340283006A1020 /* main.m */ = {isa = PBXFileReference; lastKnownFileType = sourcecode.c.objc; path = main.m; sourceTree = "<group>"; };
		B3C9261F19340283006A1020 /* Tesseract-Box-Editor-Prefix.pch */ = {isa = PBXFileReference; lastKnownFileType = sourcecode.c.h; path = "Tesseract-Box-Editor-Prefix.pch"; sourceTree = "<group>"; };
		B3C9262119340283006A1020 /* en */ = {isa = PBXFileReference; lastKnownFileType = text.rtf; name = en; path = en.lproj/Credits.rtf; sourceTree = "<group>"; };
		B3C9262319340283006A1020 /* TBEAppDelegate.h */ = {isa = PBXFileReference; lastKnownFileType = sourcecode.c.h; path = TBEAppDelegate.h; sourceTree = "<group>"; };
		B3C9262419340283006A1020 /* TBEAppDelegate.m */ = {isa = PBXFileReference; lastKnownFileType = sourcecode.c.objc; path = TBEAppDelegate.m; sourceTree = "<group>"; };
		B3C9262719340283006A1020 /* Base */ = {isa = PBXFileReference; lastKnownFileType = file.xib; name = Base; path = Base.lproj/MainMenu.xib; sourceTree = "<group>"; };
		B3C9262919340283006A1020 /* Images.xcassets */ = {isa = PBXFileReference; lastKnownFileType = folder.assetcatalog; path = Images.xcassets; sourceTree = "<group>"; };
		B3C9262F19340283006A1020 /* Tesseract-Box-EditorTests.xctest */ = {isa = PBXFileReference; explicitFileType = wrapper.cfbundle; includeInIndex = 0; path = "Tesseract-Box-EditorTests.xctest"; sourceTree = BUILT_PRODUCTS_DIR; };
		B3C9263019340283006A1020 /* XCTest.framework */ = {isa = PBXFileReference; lastKnownFileType = wrapper.framework; name = XCTest.framework; path = Library/Frameworks/XCTest.framework; sourceTree = DEVELOPER_DIR; };
		B3C9263719340283006A1020 /* Tesseract-Box-EditorTests-Info.plist */ = {isa = PBXFileReference; lastKnownFileType = text.plist.xml; path = "Tesseract-Box-EditorTests-Info.plist"; sourceTree = "<group>"; };
		B3C9263919340283006A1020 /* en */ = {isa = PBXFileReference; lastKnownFileType = text.plist.strings; name = en; path = en.lproj/InfoPlist.strings; sourceTree = "<group>"; };
		B3C9263B19340283006A1020 /* Tesseract_Box_EditorTests.m */ = {isa = PBXFileReference; lastKnownFileType = sourcecode.c.objc; path = Tesseract_Box_EditorTests.m; sourceTree = "<group>"; };
		B3DB7F60195E131E00ACE379 /* BoxResizeDelegateProtocol.swift */ = {isa = PBXFileReference; fileEncoding = 4; lastKnownFileType = sourcecode.swift; path = BoxResizeDelegateProtocol.swift; sourceTree = "<group>"; };
/* End PBXFileReference section */

/* Begin PBXFrameworksBuildPhase section */
		B3C9260B19340283006A1020 /* Frameworks */ = {
			isa = PBXFrameworksBuildPhase;
			buildActionMask = 2147483647;
			files = (
				B3C9261219340283006A1020 /* Cocoa.framework in Frameworks */,
			);
			runOnlyForDeploymentPostprocessing = 0;
		};
		B3C9262C19340283006A1020 /* Frameworks */ = {
			isa = PBXFrameworksBuildPhase;
			buildActionMask = 2147483647;
			files = (
				B3C9263219340283006A1020 /* Cocoa.framework in Frameworks */,
				B3C9263119340283006A1020 /* XCTest.framework in Frameworks */,
			);
			runOnlyForDeploymentPostprocessing = 0;
		};
/* End PBXFrameworksBuildPhase section */

/* Begin PBXGroup section */
		B3C9260519340282006A1020 = {
			isa = PBXGroup;
			children = (
				B3C9261719340283006A1020 /* Tesseract-Box-Editor */,
				B3C9263519340283006A1020 /* Tesseract-Box-EditorTests */,
				B3C9261019340283006A1020 /* Frameworks */,
				B3C9260F19340283006A1020 /* Products */,
			);
			sourceTree = "<group>";
		};
		B3C9260F19340283006A1020 /* Products */ = {
			isa = PBXGroup;
			children = (
				B3C9260E19340283006A1020 /* Tesseract Box Editor.app */,
				B3C9262F19340283006A1020 /* Tesseract-Box-EditorTests.xctest */,
			);
			name = Products;
			sourceTree = "<group>";
		};
		B3C9261019340283006A1020 /* Frameworks */ = {
			isa = PBXGroup;
			children = (
				B3C9261119340283006A1020 /* Cocoa.framework */,
				B3C9263019340283006A1020 /* XCTest.framework */,
				B3C9261319340283006A1020 /* Other Frameworks */,
			);
			name = Frameworks;
			sourceTree = "<group>";
		};
		B3C9261319340283006A1020 /* Other Frameworks */ = {
			isa = PBXGroup;
			children = (
				B3C9261419340283006A1020 /* AppKit.framework */,
				B3C9261519340283006A1020 /* CoreData.framework */,
				B3C9261619340283006A1020 /* Foundation.framework */,
			);
			name = "Other Frameworks";
			sourceTree = "<group>";
		};
		B3C9261719340283006A1020 /* Tesseract-Box-Editor */ = {
			isa = PBXGroup;
			children = (
				B3C9262319340283006A1020 /* TBEAppDelegate.h */,
				B3C9262419340283006A1020 /* TBEAppDelegate.m */,
				B3C9262619340283006A1020 /* MainMenu.xib */,
				B34AF636193FDCB400DA19FA /* CharacterView.swift */,
				B39693BC19424052004E13AA /* Box.swift */,
				B39693BE19424084004E13AA /* BoxEditorViewController.swift */,
				B3839F35195DE74C00C45821 /* Document.swift */,
				B3831BA8195F3E1100AD552E /* DocumentWindowController.swift */,
				B3DB7F60195E131E00ACE379 /* BoxResizeDelegateProtocol.swift */,
				B3839F33195DDCCC00C45821 /* Document.xib */,
				B35EB4A619450D7A0064A62A /* ImageViewWithSelectionRect.swift */,
				B39693C01942A0F5004E13AA /* ImageView.swift */,
				B3C9262919340283006A1020 /* Images.xcassets */,
				B3C9261819340283006A1020 /* Supporting Files */,
				B34AF635193FDCB400DA19FA /* Tesseract Box Editor-Bridging-Header.h */,
				B350FE13195364C800124CA9 /* readme.md */,
				B350FE141953680400124CA9 /* LICENSE */,
			);
			path = "Tesseract-Box-Editor";
			sourceTree = "<group>";
		};
		B3C9261819340283006A1020 /* Supporting Files */ = {
			isa = PBXGroup;
			children = (
				B3C9261919340283006A1020 /* Tesseract-Box-Editor-Info.plist */,
				B3C9261A19340283006A1020 /* InfoPlist.strings */,
				B3C9261D19340283006A1020 /* main.m */,
				B3C9261F19340283006A1020 /* Tesseract-Box-Editor-Prefix.pch */,
				B3C9262019340283006A1020 /* Credits.rtf */,
			);
			name = "Supporting Files";
			sourceTree = "<group>";
		};
		B3C9263519340283006A1020 /* Tesseract-Box-EditorTests */ = {
			isa = PBXGroup;
			children = (
				B3C9263B19340283006A1020 /* Tesseract_Box_EditorTests.m */,
				B3C9263619340283006A1020 /* Supporting Files */,
			);
			path = "Tesseract-Box-EditorTests";
			sourceTree = "<group>";
		};
		B3C9263619340283006A1020 /* Supporting Files */ = {
			isa = PBXGroup;
			children = (
				B3C9263719340283006A1020 /* Tesseract-Box-EditorTests-Info.plist */,
				B3C9263819340283006A1020 /* InfoPlist.strings */,
			);
			name = "Supporting Files";
			sourceTree = "<group>";
		};
/* End PBXGroup section */

/* Begin PBXNativeTarget section */
		B3C9260D19340283006A1020 /* Tesseract Box Editor */ = {
			isa = PBXNativeTarget;
			buildConfigurationList = B3C9263F19340283006A1020 /* Build configuration list for PBXNativeTarget "Tesseract Box Editor" */;
			buildPhases = (
				B3C9260A19340283006A1020 /* Sources */,
				B3C9260B19340283006A1020 /* Frameworks */,
				B3C9260C19340283006A1020 /* Resources */,
			);
			buildRules = (
			);
			dependencies = (
			);
			name = "Tesseract Box Editor";
			productName = "Tesseract-Box-Editor";
			productReference = B3C9260E19340283006A1020 /* Tesseract Box Editor.app */;
			productType = "com.apple.product-type.application";
		};
		B3C9262E19340283006A1020 /* Tesseract-Box-EditorTests */ = {
			isa = PBXNativeTarget;
			buildConfigurationList = B3C9264219340283006A1020 /* Build configuration list for PBXNativeTarget "Tesseract-Box-EditorTests" */;
			buildPhases = (
				B3C9262B19340283006A1020 /* Sources */,
				B3C9262C19340283006A1020 /* Frameworks */,
				B3C9262D19340283006A1020 /* Resources */,
			);
			buildRules = (
			);
			dependencies = (
				B3C9263419340283006A1020 /* PBXTargetDependency */,
			);
			name = "Tesseract-Box-EditorTests";
			productName = "Tesseract-Box-EditorTests";
			productReference = B3C9262F19340283006A1020 /* Tesseract-Box-EditorTests.xctest */;
			productType = "com.apple.product-type.bundle.unit-test";
		};
/* End PBXNativeTarget section */

/* Begin PBXProject section */
		B3C9260619340282006A1020 /* Project object */ = {
			isa = PBXProject;
			attributes = {
				CLASSPREFIX = TBE;
				LastUpgradeCheck = 0510;
				ORGANIZATIONNAME = "Erik Larsen";
				TargetAttributes = {
					B3C9262E19340283006A1020 = {
						TestTargetID = B3C9260D19340283006A1020;
					};
				};
			};
			buildConfigurationList = B3C9260919340282006A1020 /* Build configuration list for PBXProject "Tesseract-Box-Editor" */;
			compatibilityVersion = "Xcode 3.2";
			developmentRegion = English;
			hasScannedForEncodings = 0;
			knownRegions = (
				en,
				Base,
			);
			mainGroup = B3C9260519340282006A1020;
			productRefGroup = B3C9260F19340283006A1020 /* Products */;
			projectDirPath = "";
			projectRoot = "";
			targets = (
				B3C9260D19340283006A1020 /* Tesseract Box Editor */,
				B3C9262E19340283006A1020 /* Tesseract-Box-EditorTests */,
			);
		};
/* End PBXProject section */

/* Begin PBXResourcesBuildPhase section */
		B3C9260C19340283006A1020 /* Resources */ = {
			isa = PBXResourcesBuildPhase;
			buildActionMask = 2147483647;
			files = (
				B3C9261C19340283006A1020 /* InfoPlist.strings in Resources */,
				B3C9262A19340283006A1020 /* Images.xcassets in Resources */,
				B3C9262219340283006A1020 /* Credits.rtf in Resources */,
				B3839F34195DDCCC00C45821 /* Document.xib in Resources */,
				B3C9262819340283006A1020 /* MainMenu.xib in Resources */,
			);
			runOnlyForDeploymentPostprocessing = 0;
		};
		B3C9262D19340283006A1020 /* Resources */ = {
			isa = PBXResourcesBuildPhase;
			buildActionMask = 2147483647;
			files = (
				B3C9263A19340283006A1020 /* InfoPlist.strings in Resources */,
			);
			runOnlyForDeploymentPostprocessing = 0;
		};
/* End PBXResourcesBuildPhase section */

/* Begin PBXSourcesBuildPhase section */
		B3C9260A19340283006A1020 /* Sources */ = {
			isa = PBXSourcesBuildPhase;
			buildActionMask = 2147483647;
			files = (
				B3DB7F61195E131E00ACE379 /* BoxResizeDelegateProtocol.swift in Sources */,
				B3839F36195DE74C00C45821 /* Document.swift in Sources */,
				B39693C11942A0F5004E13AA /* ImageView.swift in Sources */,
				B35EB4A719450D7A0064A62A /* ImageViewWithSelectionRect.swift in Sources */,
				B3831BA9195F3E1100AD552E /* DocumentWindowController.swift in Sources */,
				B39693BF19424084004E13AA /* BoxEditorViewController.swift in Sources */,
				B34AF637193FDCB400DA19FA /* CharacterView.swift in Sources */,
				B39693BD19424052004E13AA /* Box.swift in Sources */,
				B3C9262519340283006A1020 /* TBEAppDelegate.m in Sources */,
				B3C9261E19340283006A1020 /* main.m in Sources */,
			);
			runOnlyForDeploymentPostprocessing = 0;
		};
		B3C9262B19340283006A1020 /* Sources */ = {
			isa = PBXSourcesBuildPhase;
			buildActionMask = 2147483647;
			files = (
				B3C9263C19340283006A1020 /* Tesseract_Box_EditorTests.m in Sources */,
			);
			runOnlyForDeploymentPostprocessing = 0;
		};
/* End PBXSourcesBuildPhase section */

/* Begin PBXTargetDependency section */
		B3C9263419340283006A1020 /* PBXTargetDependency */ = {
			isa = PBXTargetDependency;
			target = B3C9260D19340283006A1020 /* Tesseract Box Editor */;
			targetProxy = B3C9263319340283006A1020 /* PBXContainerItemProxy */;
		};
/* End PBXTargetDependency section */

/* Begin PBXVariantGroup section */
		B3C9261A19340283006A1020 /* InfoPlist.strings */ = {
			isa = PBXVariantGroup;
			children = (
				B3C9261B19340283006A1020 /* en */,
			);
			name = InfoPlist.strings;
			sourceTree = "<group>";
		};
		B3C9262019340283006A1020 /* Credits.rtf */ = {
			isa = PBXVariantGroup;
			children = (
				B3C9262119340283006A1020 /* en */,
			);
			name = Credits.rtf;
			sourceTree = "<group>";
		};
		B3C9262619340283006A1020 /* MainMenu.xib */ = {
			isa = PBXVariantGroup;
			children = (
				B3C9262719340283006A1020 /* Base */,
			);
			name = MainMenu.xib;
			sourceTree = "<group>";
		};
		B3C9263819340283006A1020 /* InfoPlist.strings */ = {
			isa = PBXVariantGroup;
			children = (
				B3C9263919340283006A1020 /* en */,
			);
			name = InfoPlist.strings;
			sourceTree = "<group>";
		};
/* End PBXVariantGroup section */

/* Begin XCBuildConfiguration section */
		B3C9263D19340283006A1020 /* Debug */ = {
			isa = XCBuildConfiguration;
			buildSettings = {
				ALWAYS_SEARCH_USER_PATHS = NO;
				CLANG_CXX_LANGUAGE_STANDARD = "gnu++0x";
				CLANG_CXX_LIBRARY = "libc++";
				CLANG_ENABLE_MODULES = YES;
				CLANG_ENABLE_OBJC_ARC = YES;
				CLANG_WARN_BOOL_CONVERSION = YES;
				CLANG_WARN_CONSTANT_CONVERSION = YES;
				CLANG_WARN_DIRECT_OBJC_ISA_USAGE = YES_ERROR;
				CLANG_WARN_EMPTY_BODY = YES;
				CLANG_WARN_ENUM_CONVERSION = YES;
				CLANG_WARN_INT_CONVERSION = YES;
				CLANG_WARN_OBJC_ROOT_CLASS = YES_ERROR;
				CLANG_WARN__DUPLICATE_METHOD_MATCH = YES;
				COPY_PHASE_STRIP = NO;
				GCC_C_LANGUAGE_STANDARD = gnu99;
				GCC_DYNAMIC_NO_PIC = NO;
				GCC_ENABLE_OBJC_EXCEPTIONS = YES;
				GCC_OPTIMIZATION_LEVEL = 0;
				GCC_PREPROCESSOR_DEFINITIONS = (
					"DEBUG=1",
					"$(inherited)",
				);
				GCC_SYMBOLS_PRIVATE_EXTERN = NO;
				GCC_WARN_64_TO_32_BIT_CONVERSION = YES;
				GCC_WARN_ABOUT_RETURN_TYPE = YES_ERROR;
				GCC_WARN_UNDECLARED_SELECTOR = YES;
				GCC_WARN_UNINITIALIZED_AUTOS = YES_AGGRESSIVE;
				GCC_WARN_UNUSED_FUNCTION = YES;
				GCC_WARN_UNUSED_VARIABLE = YES;
				MACOSX_DEPLOYMENT_TARGET = 10.9;
				ONLY_ACTIVE_ARCH = YES;
				PRODUCT_MODULE_NAME = TesseractBoxEditor;
				SDKROOT = macosx;
			};
			name = Debug;
		};
		B3C9263E19340283006A1020 /* Release */ = {
			isa = XCBuildConfiguration;
			buildSettings = {
				ALWAYS_SEARCH_USER_PATHS = NO;
				CLANG_CXX_LANGUAGE_STANDARD = "gnu++0x";
				CLANG_CXX_LIBRARY = "libc++";
				CLANG_ENABLE_MODULES = YES;
				CLANG_ENABLE_OBJC_ARC = YES;
				CLANG_WARN_BOOL_CONVERSION = YES;
				CLANG_WARN_CONSTANT_CONVERSION = YES;
				CLANG_WARN_DIRECT_OBJC_ISA_USAGE = YES_ERROR;
				CLANG_WARN_EMPTY_BODY = YES;
				CLANG_WARN_ENUM_CONVERSION = YES;
				CLANG_WARN_INT_CONVERSION = YES;
				CLANG_WARN_OBJC_ROOT_CLASS = YES_ERROR;
				CLANG_WARN__DUPLICATE_METHOD_MATCH = YES;
				COPY_PHASE_STRIP = YES;
				DEBUG_INFORMATION_FORMAT = "dwarf-with-dsym";
				ENABLE_NS_ASSERTIONS = NO;
				GCC_C_LANGUAGE_STANDARD = gnu99;
				GCC_ENABLE_OBJC_EXCEPTIONS = YES;
				GCC_WARN_64_TO_32_BIT_CONVERSION = YES;
				GCC_WARN_ABOUT_RETURN_TYPE = YES_ERROR;
				GCC_WARN_UNDECLARED_SELECTOR = YES;
				GCC_WARN_UNINITIALIZED_AUTOS = YES_AGGRESSIVE;
				GCC_WARN_UNUSED_FUNCTION = YES;
				GCC_WARN_UNUSED_VARIABLE = YES;
				MACOSX_DEPLOYMENT_TARGET = 10.9;
				PRODUCT_MODULE_NAME = TesseractBoxEditor;
				SDKROOT = macosx;
			};
			name = Release;
		};
		B3C9264019340283006A1020 /* Debug */ = {
			isa = XCBuildConfiguration;
			buildSettings = {
				ASSETCATALOG_COMPILER_APPICON_NAME = AppIcon;
				CLANG_ENABLE_MODULES = YES;
				COMBINE_HIDPI_IMAGES = YES;
				GCC_PRECOMPILE_PREFIX_HEADER = YES;
				GCC_PREFIX_HEADER = "Tesseract-Box-Editor/Tesseract-Box-Editor-Prefix.pch";
				INFOPLIST_FILE = "Tesseract-Box-Editor/Tesseract-Box-Editor-Info.plist";
				LD_RUNPATH_SEARCH_PATHS = "$(inherited) @executable_path/../Frameworks";
				PRODUCT_MODULE_NAME = TesseractBoxEditor;
				PRODUCT_NAME = "$(TARGET_NAME)";
				SWIFT_OBJC_BRIDGING_HEADER = "Tesseract-Box-Editor/Tesseract Box Editor-Bridging-Header.h";
				SWIFT_OPTIMIZATION_LEVEL = "-Onone";
				WRAPPER_EXTENSION = app;
			};
			name = Debug;
		};
		B3C9264119340283006A1020 /* Release */ = {
			isa = XCBuildConfiguration;
			buildSettings = {
				ASSETCATALOG_COMPILER_APPICON_NAME = AppIcon;
				CLANG_ENABLE_MODULES = YES;
				COMBINE_HIDPI_IMAGES = YES;
				GCC_PRECOMPILE_PREFIX_HEADER = YES;
				GCC_PREFIX_HEADER = "Tesseract-Box-Editor/Tesseract-Box-Editor-Prefix.pch";
				INFOPLIST_FILE = "Tesseract-Box-Editor/Tesseract-Box-Editor-Info.plist";
				LD_RUNPATH_SEARCH_PATHS = "$(inherited) @executable_path/../Frameworks";
				PRODUCT_MODULE_NAME = TesseractBoxEditor;
				PRODUCT_NAME = "$(TARGET_NAME)";
				SWIFT_OBJC_BRIDGING_HEADER = "Tesseract-Box-Editor/Tesseract Box Editor-Bridging-Header.h";
				WRAPPER_EXTENSION = app;
			};
			name = Release;
		};
		B3C9264319340283006A1020 /* Debug */ = {
			isa = XCBuildConfiguration;
			buildSettings = {
				BUNDLE_LOADER = "$(BUILT_PRODUCTS_DIR)/Tesseract-Box-Editor.app/Contents/MacOS/Tesseract-Box-Editor";
				COMBINE_HIDPI_IMAGES = YES;
				FRAMEWORK_SEARCH_PATHS = (
					"$(DEVELOPER_FRAMEWORKS_DIR)",
					"$(inherited)",
				);
				GCC_PRECOMPILE_PREFIX_HEADER = YES;
				GCC_PREFIX_HEADER = "Tesseract-Box-Editor/Tesseract-Box-Editor-Prefix.pch";
				GCC_PREPROCESSOR_DEFINITIONS = (
					"DEBUG=1",
					"$(inherited)",
				);
				INFOPLIST_FILE = "Tesseract-Box-EditorTests/Tesseract-Box-EditorTests-Info.plist";
				PRODUCT_NAME = "$(TARGET_NAME)";
				TEST_HOST = "$(BUNDLE_LOADER)";
				WRAPPER_EXTENSION = xctest;
			};
			name = Debug;
		};
		B3C9264419340283006A1020 /* Release */ = {
			isa = XCBuildConfiguration;
			buildSettings = {
				BUNDLE_LOADER = "$(BUILT_PRODUCTS_DIR)/Tesseract-Box-Editor.app/Contents/MacOS/Tesseract-Box-Editor";
				COMBINE_HIDPI_IMAGES = YES;
				FRAMEWORK_SEARCH_PATHS = (
					"$(DEVELOPER_FRAMEWORKS_DIR)",
					"$(inherited)",
				);
				GCC_PRECOMPILE_PREFIX_HEADER = YES;
				GCC_PREFIX_HEADER = "Tesseract-Box-Editor/Tesseract-Box-Editor-Prefix.pch";
				INFOPLIST_FILE = "Tesseract-Box-EditorTests/Tesseract-Box-EditorTests-Info.plist";
				PRODUCT_NAME = "$(TARGET_NAME)";
				TEST_HOST = "$(BUNDLE_LOADER)";
				WRAPPER_EXTENSION = xctest;
			};
			name = Release;
		};
/* End XCBuildConfiguration section */

/* Begin XCConfigurationList section */
		B3C9260919340282006A1020 /* Build configuration list for PBXProject "Tesseract-Box-Editor" */ = {
			isa = XCConfigurationList;
			buildConfigurations = (
				B3C9263D19340283006A1020 /* Debug */,
				B3C9263E19340283006A1020 /* Release */,
			);
			defaultConfigurationIsVisible = 0;
			defaultConfigurationName = Release;
		};
		B3C9263F19340283006A1020 /* Build configuration list for PBXNativeTarget "Tesseract Box Editor" */ = {
			isa = XCConfigurationList;
			buildConfigurations = (
				B3C9264019340283006A1020 /* Debug */,
				B3C9264119340283006A1020 /* Release */,
			);
			defaultConfigurationIsVisible = 0;
			defaultConfigurationName = Release;
		};
		B3C9264219340283006A1020 /* Build configuration list for PBXNativeTarget "Tesseract-Box-EditorTests" */ = {
			isa = XCConfigurationList;
			buildConfigurations = (
				B3C9264319340283006A1020 /* Debug */,
				B3C9264419340283006A1020 /* Release */,
			);
			defaultConfigurationIsVisible = 0;
			defaultConfigurationName = Release;
		};
/* End XCConfigurationList section */
	};
	rootObject = B3C9260619340282006A1020 /* Project object */;
}
